github.com/rytsh/casset v0.2.1 h1:dThKVy066jDks75mTH4BW0ztBbdkFgst7VS/JOPX7qw=
github.com/rytsh/casset v0.2.1/go.mod h1:yOtserzhVBT+cMk8Z8z9DKXf2LumJzS+C3ag5ewPfQ4=
github.com/rytsh/casset v0.2.2 h1:MpoGDneYBveYCle5unA0oOlNNAsstMFT6pVBtyFYeBU=
github.com/rytsh/casset v0.2.2/go.mod h1:yOtserzhVBT+cMk8Z8z9DKXf2LumJzS+C3ag5ewPfQ4=
